
Microsoft Visual Studio Solution File, Format Version 12.00
# Visual Studio Express 2013 for Windows Desktop
VisualStudioVersion = 12.0.31101.0
MinimumVisualStudioVersion = 10.0.40219.1
Project("{FAE04EC0-301F-11D3-BF4B-00C04F79EFBC}") = "LevelEditor", "LevelEditor\LevelEditor.csproj", "{8CE59081-BEC1-4956-807C-49F7ED583C61}"
	ProjectSection(ProjectDependencies) = postProject
		{44FC4C63-81CB-4FE0-8CDF-F55E164D88AF} = {44FC4C63-81CB-4FE0-8CDF-F55E164D88AF}
		{B40D29CE-C464-4127-A1EC-B1BF5A34DF1A} = {B40D29CE-C464-4127-A1EC-B1BF5A34DF1A}
		{F81E84D4-8CFE-489E-9C1C-0A534B3EDE13} = {F81E84D4-8CFE-489E-9C1C-0A534B3EDE13}
	EndProjectSection
EndProject
Project("{FAE04EC0-301F-11D3-BF4B-00C04F79EFBC}") = "LayerDataReaderWriter", "LayerDataReaderWriter\LayerDataReaderWriter.csproj", "{6983392E-23E8-44A5-9293-D0E9771D1E1C}"
EndProject
Project("{FAE04EC0-301F-11D3-BF4B-00C04F79EFBC}") = "LayerDataReaderWriter.UnitTests", "LayerDataReaderWriter.UnitTests\LayerDataReaderWriter.UnitTests.csproj", "{F81E84D4-8CFE-489E-9C1C-0A534B3EDE13}"
EndProject
Project("{FAE04EC0-301F-11D3-BF4B-00C04F79EFBC}") = "LevelEditor.Extensibility", "LevelEditor.Extensibility\LevelEditor.Extensibility.csproj", "{C6EBD7DB-772A-4290-868F-1503DBF1FA79}"
EndProject
Project("{FAE04EC0-301F-11D3-BF4B-00C04F79EFBC}") = "LevelEditor.BuiltinValidators", "LevelEditor.BuiltinValidators\LevelEditor.BuiltinValidators.csproj", "{44FC4C63-81CB-4FE0-8CDF-F55E164D88AF}"
EndProject
Project("{FAE04EC0-301F-11D3-BF4B-00C04F79EFBC}") = "LevelEditor.Core", "LevelEditor.Core\LevelEditor.Core.csproj", "{965984B1-A2B6-4662-A1B9-BD0A29D26D08}"
EndProject
Project("{FAE04EC0-301F-11D3-BF4B-00C04F79EFBC}") = "LevelEditor.BuiltinCanvasRenderers", "LevelEditor.BuiltinCanvasRenderers\LevelEditor.BuiltinCanvasRenderers.csproj", "{B40D29CE-C464-4127-A1EC-B1BF5A34DF1A}"
EndProject
Global
	GlobalSection(SolutionConfigurationPlatforms) = preSolution
		Debug|Any CPU = Debug|Any CPU
		Release|Any CPU = Release|Any CPU
	EndGlobalSection
	GlobalSection(ProjectConfigurationPlatforms) = postSolution
		{8CE59081-BEC1-4956-807C-49F7ED583C61}.Debug|Any CPU.ActiveCfg = Debug|Any CPU
		{8CE59081-BEC1-4956-807C-49F7ED583C61}.Debug|Any CPU.Build.0 = Debug|Any CPU
		{8CE59081-BEC1-4956-807C-49F7ED583C61}.Release|Any CPU.ActiveCfg = Release|Any CPU
		{8CE59081-BEC1-4956-807C-49F7ED583C61}.Release|Any CPU.Build.0 = Release|Any CPU
		{6983392E-23E8-44A5-9293-D0E9771D1E1C}.Debug|Any CPU.ActiveCfg = Debug|Any CPU
		{6983392E-23E8-44A5-9293-D0E9771D1E1C}.Debug|Any CPU.Build.0 = Debug|Any CPU
		{6983392E-23E8-44A5-9293-D0E9771D1E1C}.Release|Any CPU.ActiveCfg = Release|Any CPU
		{6983392E-23E8-44A5-9293-D0E9771D1E1C}.Release|Any CPU.Build.0 = Release|Any CPU
		{F81E84D4-8CFE-489E-9C1C-0A534B3EDE13}.Debug|Any CPU.ActiveCfg = Debug|Any CPU
		{F81E84D4-8CFE-489E-9C1C-0A534B3EDE13}.Debug|Any CPU.Build.0 = Debug|Any CPU
		{F81E84D4-8CFE-489E-9C1C-0A534B3EDE13}.Release|Any CPU.ActiveCfg = Release|Any CPU
		{F81E84D4-8CFE-489E-9C1C-0A534B3EDE13}.Release|Any CPU.Build.0 = Release|Any CPU
		{C6EBD7DB-772A-4290-868F-1503DBF1FA79}.Debug|Any CPU.ActiveCfg = Debug|Any CPU
		{C6EBD7DB-772A-4290-868F-1503DBF1FA79}.Debug|Any CPU.Build.0 = Debug|Any CPU
		{C6EBD7DB-772A-4290-868F-1503DBF1FA79}.Release|Any CPU.ActiveCfg = Release|Any CPU
		{C6EBD7DB-772A-4290-868F-1503DBF1FA79}.Release|Any CPU.Build.0 = Release|Any CPU
		{44FC4C63-81CB-4FE0-8CDF-F55E164D88AF}.Debug|Any CPU.ActiveCfg = Debug|Any CPU
		{44FC4C63-81CB-4FE0-8CDF-F55E164D88AF}.Debug|Any CPU.Build.0 = Debug|Any CPU
		{44FC4C63-81CB-4FE0-8CDF-F55E164D88AF}.Release|Any CPU.ActiveCfg = Release|Any CPU
		{44FC4C63-81CB-4FE0-8CDF-F55E164D88AF}.Release|Any CPU.Build.0 = Release|Any CPU
		{965984B1-A2B6-4662-A1B9-BD0A29D26D08}.Debug|Any CPU.ActiveCfg = Debug|Any CPU
		{965984B1-A2B6-4662-A1B9-BD0A29D26D08}.Debug|Any CPU.Build.0 = Debug|Any CPU
		{965984B1-A2B6-4662-A1B9-BD0A29D26D08}.Release|Any CPU.ActiveCfg = Release|Any CPU
		{965984B1-A2B6-4662-A1B9-BD0A29D26D08}.Release|Any CPU.Build.0 = Release|Any CPU
		{B40D29CE-C464-4127-A1EC-B1BF5A34DF1A}.Debug|Any CPU.ActiveCfg = Debug|Any CPU
		{B40D29CE-C464-4127-A1EC-B1BF5A34DF1A}.Debug|Any CPU.Build.0 = Debug|Any CPU
		{B40D29CE-C464-4127-A1EC-B1BF5A34DF1A}.Release|Any CPU.ActiveCfg = Release|Any CPU
		{B40D29CE-C464-4127-A1EC-B1BF5A34DF1A}.Release|Any CPU.Build.0 = Release|Any CPU
	EndGlobalSection
	GlobalSection(SolutionProperties) = preSolution
		HideSolutionNode = FALSE
	EndGlobalSection
EndGlobal
